
Microsoft Visual Studio Solution File, Format Version 12.00
# Visual Studio Version 16
VisualStudioVersion = 16.0.30413.136
MinimumVisualStudioVersion = 10.0.40219.1
Project("{FAE04EC0-301F-11D3-BF4B-00C04F79EFBC}") = "ParcialJoseReneGuarachi", "ParcialJoseReneGuarachi\ParcialJoseReneGuarachi.csproj", "{B1A8E650-471F-47E6-8801-28EE93DC52FA}"
EndProject
Project("{FAE04EC0-301F-11D3-BF4B-00C04F79EFBC}") = "UnitTestPar", "UnitTestPar\UnitTestPar.csproj", "{8F838ED3-4349-42A4-A2AB-4CD0B389713F}"
EndProject
Global
	GlobalSection(SolutionConfigurationPlatforms) = preSolution
		Debug|Any CPU = Debug|Any CPU
		Release|Any CPU = Release|Any CPU
	EndGlobalSection
	GlobalSection(ProjectConfigurationPlatforms) = postSolution
		{B1A8E650-471F-47E6-8801-28EE93DC52FA}.Debug|Any CPU.ActiveCfg = Debug|Any CPU
		{B1A8E650-471F-47E6-8801-28EE93DC52FA}.Debug|Any CPU.Build.0 = Debug|Any CPU
		{B1A8E650-471F-47E6-8801-28EE93DC52FA}.Release|Any CPU.ActiveCfg = Release|Any CPU
		{B1A8E650-471F-47E6-8801-28EE93DC52FA}.Release|Any CPU.Build.0 = Release|Any CPU
		{8F838ED3-4349-42A4-A2AB-4CD0B389713F}.Debug|Any CPU.ActiveCfg = Debug|Any CPU
		{8F838ED3-4349-42A4-A2AB-4CD0B389713F}.Debug|Any CPU.Build.0 = Debug|Any CPU
		{8F838ED3-4349-42A4-A2AB-4CD0B389713F}.Release|Any CPU.ActiveCfg = Release|Any CPU
		{8F838ED3-4349-42A4-A2AB-4CD0B389713F}.Release|Any CPU.Build.0 = Release|Any CPU
	EndGlobalSection
	GlobalSection(SolutionProperties) = preSolution
		HideSolutionNode = FALSE
	EndGlobalSection
	GlobalSection(ExtensibilityGlobals) = postSolution
		SolutionGuid = {E6AFB6FF-D800-4B82-B45A-EB1A9047AFFF}
	EndGlobalSection
EndGlobal
